
Microsoft Visual Studio Solution File, Format Version 12.00
# Visual Studio 15
VisualStudioVersion = 15.0.28010.2019
MinimumVisualStudioVersion = 10.0.40219.1
Project("{9092AA53-FB77-4645-B42D-1CCCA6BD08BD}") = "CoderCampExpressApp", "CoderCampExpressApp\CoderCampExpressApp.njsproj", "{EFAB926B-35EE-443E-A62A-F01A5B8F2D96}"
EndProject
Global
	GlobalSection(SolutionConfigurationPlatforms) = preSolution
		Debug|Any CPU = Debug|Any CPU
		Release|Any CPU = Release|Any CPU
	EndGlobalSection
	GlobalSection(ProjectConfigurationPlatforms) = postSolution
		{EFAB926B-35EE-443E-A62A-F01A5B8F2D96}.Debug|Any CPU.ActiveCfg = Debug|Any CPU
		{EFAB926B-35EE-443E-A62A-F01A5B8F2D96}.Debug|Any CPU.Build.0 = Debug|Any CPU
		{EFAB926B-35EE-443E-A62A-F01A5B8F2D96}.Release|Any CPU.ActiveCfg = Release|Any CPU
		{EFAB926B-35EE-443E-A62A-F01A5B8F2D96}.Release|Any CPU.Build.0 = Release|Any CPU
	EndGlobalSection
	GlobalSection(SolutionProperties) = preSolution
		HideSolutionNode = FALSE
	EndGlobalSection
	GlobalSection(ExtensibilityGlobals) = postSolution
		SolutionGuid = {6AC87392-AE99-475B-83AE-499ED76A36A9}
	EndGlobalSection
EndGlobal
